// !$*UTF8*$!
{
	archiveVersion = 1;
	classes = {
	};
	objectVersion = 51;
	objects = {

/* Begin PBXBuildFile section */
		2718D98BB767A49FC7D9D8F4 /* Pods_Parstagram.framework in Frameworks */ = {isa = PBXBuildFile; fileRef = 0057C93E08CD7F3A69BCE0F6 /* Pods_Parstagram.framework */; };
		D48ACE7F27127E8A00244C44 /* PostCell.swift in Sources */ = {isa = PBXBuildFile; fileRef = D48ACE7E27127E8A00244C44 /* PostCell.swift */; };
		D4C52FDE270CF5E30099D272 /* LoginViewController.swift in Sources */ = {isa = PBXBuildFile; fileRef = D4C52FDD270CF5E30099D272 /* LoginViewController.swift */; };
		D4C52FE0270CF5EF0099D272 /* FeedViewController.swift in Sources */ = {isa = PBXBuildFile; fileRef = D4C52FDF270CF5EF0099D272 /* FeedViewController.swift */; };
		D4CAD82C270D031300AAA3AC /* CameraViewController.swift in Sources */ = {isa = PBXBuildFile; fileRef = D4CAD82B270D031300AAA3AC /* CameraViewController.swift */; };
		D4D5F076270AAB0A00D44222 /* AppDelegate.swift in Sources */ = {isa = PBXBuildFile; fileRef = D4D5F075270AAB0A00D44222 /* AppDelegate.swift */; };
		D4D5F078270AAB0A00D44222 /* SceneDelegate.swift in Sources */ = {isa = PBXBuildFile; fileRef = D4D5F077270AAB0A00D44222 /* SceneDelegate.swift */; };
		D4D5F07D270AAB0A00D44222 /* Main.storyboard in Resources */ = {isa = PBXBuildFile; fileRef = D4D5F07B270AAB0A00D44222 /* Main.storyboard */; };
		D4D5F07F270AAB0C00D44222 /* Assets.xcassets in Resources */ = {isa = PBXBuildFile; fileRef = D4D5F07E270AAB0C00D44222 /* Assets.xcassets */; };
		D4D5F082270AAB0C00D44222 /* LaunchScreen.storyboard in Resources */ = {isa = PBXBuildFile; fileRef = D4D5F080270AAB0C00D44222 /* LaunchScreen.storyboard */; };
		D4D5F08D270AAB0C00D44222 /* ParstagramTests.swift in Sources */ = {isa = PBXBuildFile; fileRef = D4D5F08C270AAB0C00D44222 /* ParstagramTests.swift */; };
		D4D5F098270AAB0C00D44222 /* ParstagramUITests.swift in Sources */ = {isa = PBXBuildFile; fileRef = D4D5F097270AAB0C00D44222 /* ParstagramUITests.swift */; };
/* End PBXBuildFile section */

/* Begin PBXContainerItemProxy section */
		D4D5F089270AAB0C00D44222 /* PBXContainerItemProxy */ = {
			isa = PBXContainerItemProxy;
			containerPortal = D4D5F06A270AAB0A00D44222 /* Project object */;
			proxyType = 1;
			remoteGlobalIDString = D4D5F071270AAB0A00D44222;
			remoteInfo = Parstagram;
		};
		D4D5F094270AAB0C00D44222 /* PBXContainerItemProxy */ = {
			isa = PBXContainerItemProxy;
			containerPortal = D4D5F06A270AAB0A00D44222 /* Project object */;
			proxyType = 1;
			remoteGlobalIDString = D4D5F071270AAB0A00D44222;
			remoteInfo = Parstagram;
		};
/* End PBXContainerItemProxy section */

/* Begin PBXFileReference section */
		0057C93E08CD7F3A69BCE0F6 /* Pods_Parstagram.framework */ = {isa = PBXFileReference; explicitFileType = wrapper.framework; includeInIndex = 0; path = Pods_Parstagram.framework; sourceTree = BUILT_PRODUCTS_DIR; };
		8F71389943093DD9ECD97A36 /* Pods-Parstagram.release.xcconfig */ = {isa = PBXFileReference; includeInIndex = 1; lastKnownFileType = text.xcconfig; name = "Pods-Parstagram.release.xcconfig"; path = "Target Support Files/Pods-Parstagram/Pods-Parstagram.release.xcconfig"; sourceTree = "<group>"; };
		D48ACE7E27127E8A00244C44 /* PostCell.swift */ = {isa = PBXFileReference; lastKnownFileType = sourcecode.swift; path = PostCell.swift; sourceTree = "<group>"; };
		D4C52FDD270CF5E30099D272 /* LoginViewController.swift */ = {isa = PBXFileReference; lastKnownFileType = sourcecode.swift; path = LoginViewController.swift; sourceTree = "<group>"; };
		D4C52FDF270CF5EF0099D272 /* FeedViewController.swift */ = {isa = PBXFileReference; lastKnownFileType = sourcecode.swift; path = FeedViewController.swift; sourceTree = "<group>"; };
		D4CAD82B270D031300AAA3AC /* CameraViewController.swift */ = {isa = PBXFileReference; lastKnownFileType = sourcecode.swift; path = CameraViewController.swift; sourceTree = "<group>"; };
		D4D5F072270AAB0A00D44222 /* Parstagram.app */ = {isa = PBXFileReference; explicitFileType = wrapper.application; includeInIndex = 0; path = Parstagram.app; sourceTree = BUILT_PRODUCTS_DIR; };
		D4D5F075270AAB0A00D44222 /* AppDelegate.swift */ = {isa = PBXFileReference; lastKnownFileType = sourcecode.swift; path = AppDelegate.swift; sourceTree = "<group>"; };
		D4D5F077270AAB0A00D44222 /* SceneDelegate.swift */ = {isa = PBXFileReference; lastKnownFileType = sourcecode.swift; path = SceneDelegate.swift; sourceTree = "<group>"; };
		D4D5F07C270AAB0A00D44222 /* Base */ = {isa = PBXFileReference; lastKnownFileType = file.storyboard; name = Base; path = Base.lproj/Main.storyboard; sourceTree = "<group>"; };
		D4D5F07E270AAB0C00D44222 /* Assets.xcassets */ = {isa = PBXFileReference; lastKnownFileType = folder.assetcatalog; path = Assets.xcassets; sourceTree = "<group>"; };
		D4D5F081270AAB0C00D44222 /* Base */ = {isa = PBXFileReference; lastKnownFileType = file.storyboard; name = Base; path = Base.lproj/LaunchScreen.storyboard; sourceTree = "<group>"; };
		D4D5F083270AAB0C00D44222 /* Info.plist */ = {isa = PBXFileReference; lastKnownFileType = text.plist.xml; path = Info.plist; sourceTree = "<group>"; };
		D4D5F088270AAB0C00D44222 /* ParstagramTests.xctest */ = {isa = PBXFileReference; explicitFileType = wrapper.cfbundle; includeInIndex = 0; path = ParstagramTests.xctest; sourceTree = BUILT_PRODUCTS_DIR; };
		D4D5F08C270AAB0C00D44222 /* ParstagramTests.swift */ = {isa = PBXFileReference; lastKnownFileType = sourcecode.swift; path = ParstagramTests.swift; sourceTree = "<group>"; };
		D4D5F08E270AAB0C00D44222 /* Info.plist */ = {isa = PBXFileReference; lastKnownFileType = text.plist.xml; path = Info.plist; sourceTree = "<group>"; };
		D4D5F093270AAB0C00D44222 /* ParstagramUITests.xctest */ = {isa = PBXFileReference; explicitFileType = wrapper.cfbundle; includeInIndex = 0; path = ParstagramUITests.xctest; sourceTree = BUILT_PRODUCTS_DIR; };
		D4D5F097270AAB0C00D44222 /* ParstagramUITests.swift */ = {isa = PBXFileReference; lastKnownFileType = sourcecode.swift; path = ParstagramUITests.swift; sourceTree = "<group>"; };
		D4D5F099270AAB0C00D44222 /* Info.plist */ = {isa = PBXFileReference; lastKnownFileType = text.plist.xml; path = Info.plist; sourceTree = "<group>"; };
		E4062832B9DCCDA921AC4F8C /* Pods-Parstagram.debug.xcconfig */ = {isa = PBXFileReference; includeInIndex = 1; lastKnownFileType = text.xcconfig; name = "Pods-Parstagram.debug.xcconfig"; path = "Target Support Files/Pods-Parstagram/Pods-Parstagram.debug.xcconfig"; sourceTree = "<group>"; };
/* End PBXFileReference section */

/* Begin PBXFrameworksBuildPhase section */
		D4D5F06F270AAB0A00D44222 /* Frameworks */ = {
			isa = PBXFrameworksBuildPhase;
			buildActionMask = 2147483647;
			files = (
				2718D98BB767A49FC7D9D8F4 /* Pods_Parstagram.framework in Frameworks */,
			);
			runOnlyForDeploymentPostprocessing = 0;
		};
		D4D5F085270AAB0C00D44222 /* Frameworks */ = {
			isa = PBXFrameworksBuildPhase;
			buildActionMask = 2147483647;
			files = (
			);
			runOnlyForDeploymentPostprocessing = 0;
		};
		D4D5F090270AAB0C00D44222 /* Frameworks */ = {
			isa = PBXFrameworksBuildPhase;
			buildActionMask = 2147483647;
			files = (
			);
			runOnlyForDeploymentPostprocessing = 0;
		};
/* End PBXFrameworksBuildPhase section */

/* Begin PBXGroup section */
		6CB4A155CBC58ADD126557A4 /* Pods */ = {
			isa = PBXGroup;
			children = (
				E4062832B9DCCDA921AC4F8C /* Pods-Parstagram.debug.xcconfig */,
				8F71389943093DD9ECD97A36 /* Pods-Parstagram.release.xcconfig */,
			);
			path = Pods;
			sourceTree = "<group>";
		};
		AC627BB1EF5E0A65F2B565DF /* Frameworks */ = {
			isa = PBXGroup;
			children = (
				0057C93E08CD7F3A69BCE0F6 /* Pods_Parstagram.framework */,
			);
			name = Frameworks;
			sourceTree = "<group>";
		};
		D4D5F069270AAB0A00D44222 = {
			isa = PBXGroup;
			children = (
				D4D5F074270AAB0A00D44222 /* Parstagram */,
				D4D5F08B270AAB0C00D44222 /* ParstagramTests */,
				D4D5F096270AAB0C00D44222 /* ParstagramUITests */,
				D4D5F073270AAB0A00D44222 /* Products */,
				6CB4A155CBC58ADD126557A4 /* Pods */,
				AC627BB1EF5E0A65F2B565DF /* Frameworks */,
			);
			sourceTree = "<group>";
		};
		D4D5F073270AAB0A00D44222 /* Products */ = {
			isa = PBXGroup;
			children = (
				D4D5F072270AAB0A00D44222 /* Parstagram.app */,
				D4D5F088270AAB0C00D44222 /* ParstagramTests.xctest */,
				D4D5F093270AAB0C00D44222 /* ParstagramUITests.xctest */,
			);
			name = Products;
			sourceTree = "<group>";
		};
		D4D5F074270AAB0A00D44222 /* Parstagram */ = {
			isa = PBXGroup;
			children = (
				D4D5F075270AAB0A00D44222 /* AppDelegate.swift */,
				D4D5F077270AAB0A00D44222 /* SceneDelegate.swift */,
				D4D5F07B270AAB0A00D44222 /* Main.storyboard */,
				D4D5F07E270AAB0C00D44222 /* Assets.xcassets */,
				D4D5F080270AAB0C00D44222 /* LaunchScreen.storyboard */,
				D4D5F083270AAB0C00D44222 /* Info.plist */,
				D4C52FDD270CF5E30099D272 /* LoginViewController.swift */,
				D4C52FDF270CF5EF0099D272 /* FeedViewController.swift */,
				D4CAD82B270D031300AAA3AC /* CameraViewController.swift */,
				D48ACE7E27127E8A00244C44 /* PostCell.swift */,
			);
			path = Parstagram;
			sourceTree = "<group>";
		};
		D4D5F08B270AAB0C00D44222 /* ParstagramTests */ = {
			isa = PBXGroup;
			children = (
				D4D5F08C270AAB0C00D44222 /* ParstagramTests.swift */,
				D4D5F08E270AAB0C00D44222 /* Info.plist */,
			);
			path = ParstagramTests;
			sourceTree = "<group>";
		};
		D4D5F096270AAB0C00D44222 /* ParstagramUITests */ = {
			isa = PBXGroup;
			children = (
				D4D5F097270AAB0C00D44222 /* ParstagramUITests.swift */,
				D4D5F099270AAB0C00D44222 /* Info.plist */,
			);
			path = ParstagramUITests;
			sourceTree = "<group>";
		};
/* End PBXGroup section */

/* Begin PBXNativeTarget section */
		D4D5F071270AAB0A00D44222 /* Parstagram */ = {
			isa = PBXNativeTarget;
			buildConfigurationList = D4D5F09C270AAB0C00D44222 /* Build configuration list for PBXNativeTarget "Parstagram" */;
			buildPhases = (
				202ABFA115B68A55C2A76A72 /* [CP] Check Pods Manifest.lock */,
				D4D5F06E270AAB0A00D44222 /* Sources */,
				D4D5F06F270AAB0A00D44222 /* Frameworks */,
				D4D5F070270AAB0A00D44222 /* Resources */,
				FA3C6646287FB1299DDBC084 /* [CP] Embed Pods Frameworks */,
			);
			buildRules = (
			);
			dependencies = (
			);
			name = Parstagram;
			productName = Parstagram;
			productReference = D4D5F072270AAB0A00D44222 /* Parstagram.app */;
			productType = "com.apple.product-type.application";
		};
		D4D5F087270AAB0C00D44222 /* ParstagramTests */ = {
			isa = PBXNativeTarget;
			buildConfigurationList = D4D5F09F270AAB0C00D44222 /* Build configuration list for PBXNativeTarget "ParstagramTests" */;
			buildPhases = (
				D4D5F084270AAB0C00D44222 /* Sources */,
				D4D5F085270AAB0C00D44222 /* Frameworks */,
				D4D5F086270AAB0C00D44222 /* Resources */,
			);
			buildRules = (
			);
			dependencies = (
				D4D5F08A270AAB0C00D44222 /* PBXTargetDependency */,
			);
			name = ParstagramTests;
			productName = ParstagramTests;
			productReference = D4D5F088270AAB0C00D44222 /* ParstagramTests.xctest */;
			productType = "com.apple.product-type.bundle.unit-test";
		};
		D4D5F092270AAB0C00D44222 /* ParstagramUITests */ = {
			isa = PBXNativeTarget;
			buildConfigurationList = D4D5F0A2270AAB0C00D44222 /* Build configuration list for PBXNativeTarget "ParstagramUITests" */;
			buildPhases = (
				D4D5F08F270AAB0C00D44222 /* Sources */,
				D4D5F090270AAB0C00D44222 /* Frameworks */,
				D4D5F091270AAB0C00D44222 /* Resources */,
			);
			buildRules = (
			);
			dependencies = (
				D4D5F095270AAB0C00D44222 /* PBXTargetDependency */,
			);
			name = ParstagramUITests;
			productName = ParstagramUITests;
			productReference = D4D5F093270AAB0C00D44222 /* ParstagramUITests.xctest */;
			productType = "com.apple.product-type.bundle.ui-testing";
		};
/* End PBXNativeTarget section */

/* Begin PBXProject section */
		D4D5F06A270AAB0A00D44222 /* Project object */ = {
			isa = PBXProject;
			attributes = {
				LastSwiftUpdateCheck = 1250;
				LastUpgradeCheck = 1250;
				TargetAttributes = {
					D4D5F071270AAB0A00D44222 = {
						CreatedOnToolsVersion = 12.5.1;
					};
					D4D5F087270AAB0C00D44222 = {
						CreatedOnToolsVersion = 12.5.1;
						TestTargetID = D4D5F071270AAB0A00D44222;
					};
					D4D5F092270AAB0C00D44222 = {
						CreatedOnToolsVersion = 12.5.1;
						TestTargetID = D4D5F071270AAB0A00D44222;
					};
				};
			};
			buildConfigurationList = D4D5F06D270AAB0A00D44222 /* Build configuration list for PBXProject "Parstagram" */;
			compatibilityVersion = "Xcode 9.3";
			developmentRegion = en;
			hasScannedForEncodings = 0;
			knownRegions = (
				en,
				Base,
			);
			mainGroup = D4D5F069270AAB0A00D44222;
			productRefGroup = D4D5F073270AAB0A00D44222 /* Products */;
			projectDirPath = "";
			projectRoot = "";
			targets = (
				D4D5F071270AAB0A00D44222 /* Parstagram */,
				D4D5F087270AAB0C00D44222 /* ParstagramTests */,
				D4D5F092270AAB0C00D44222 /* ParstagramUITests */,
			);
		};
/* End PBXProject section */

/* Begin PBXResourcesBuildPhase section */
		D4D5F070270AAB0A00D44222 /* Resources */ = {
			isa = PBXResourcesBuildPhase;
			buildActionMask = 2147483647;
			files = (
				D4D5F082270AAB0C00D44222 /* LaunchScreen.storyboard in Resources */,
				D4D5F07F270AAB0C00D44222 /* Assets.xcassets in Resources */,
				D4D5F07D270AAB0A00D44222 /* Main.storyboard in Resources */,
			);
			runOnlyForDeploymentPostprocessing = 0;
		};
		D4D5F086270AAB0C00D44222 /* Resources */ = {
			isa = PBXResourcesBuildPhase;
			buildActionMask = 2147483647;
			files = (
			);
			runOnlyForDeploymentPostprocessing = 0;
		};
		D4D5F091270AAB0C00D44222 /* Resources */ = {
			isa = PBXResourcesBuildPhase;
			buildActionMask = 2147483647;
			files = (
			);
			runOnlyForDeploymentPostprocessing = 0;
		};
/* End PBXResourcesBuildPhase section */

/* Begin PBXShellScriptBuildPhase section */
		202ABFA115B68A55C2A76A72 /* [CP] Check Pods Manifest.lock */ = {
			isa = PBXShellScriptBuildPhase;
			buildActionMask = 2147483647;
			files = (
			);
			inputFileListPaths = (
			);
			inputPaths = (
				"${PODS_PODFILE_DIR_PATH}/Podfile.lock",
				"${PODS_ROOT}/Manifest.lock",
			);
			name = "[CP] Check Pods Manifest.lock";
			outputFileListPaths = (
			);
			outputPaths = (
				"$(DERIVED_FILE_DIR)/Pods-Parstagram-checkManifestLockResult.txt",
			);
			runOnlyForDeploymentPostprocessing = 0;
			shellPath = /bin/sh;
			shellScript = "diff \"${PODS_PODFILE_DIR_PATH}/Podfile.lock\" \"${PODS_ROOT}/Manifest.lock\" > /dev/null\nif [ $? != 0 ] ; then\n    # print error to STDERR\n    echo \"error: The sandbox is not in sync with the Podfile.lock. Run 'pod install' or update your CocoaPods installation.\" >&2\n    exit 1\nfi\n# This output is used by Xcode 'outputs' to avoid re-running this script phase.\necho \"SUCCESS\" > \"${SCRIPT_OUTPUT_FILE_0}\"\n";
			showEnvVarsInLog = 0;
		};
		FA3C6646287FB1299DDBC084 /* [CP] Embed Pods Frameworks */ = {
			isa = PBXShellScriptBuildPhase;
			buildActionMask = 2147483647;
			files = (
			);
			inputFileListPaths = (
				"${PODS_ROOT}/Target Support Files/Pods-Parstagram/Pods-Parstagram-frameworks-${CONFIGURATION}-input-files.xcfilelist",
			);
			name = "[CP] Embed Pods Frameworks";
			outputFileListPaths = (
				"${PODS_ROOT}/Target Support Files/Pods-Parstagram/Pods-Parstagram-frameworks-${CONFIGURATION}-output-files.xcfilelist",
			);
			runOnlyForDeploymentPostprocessing = 0;
			shellPath = /bin/sh;
			shellScript = "\"${PODS_ROOT}/Target Support Files/Pods-Parstagram/Pods-Parstagram-frameworks.sh\"\n";
			showEnvVarsInLog = 0;
		};
/* End PBXShellScriptBuildPhase section */

/* Begin PBXSourcesBuildPhase section */
		D4D5F06E270AAB0A00D44222 /* Sources */ = {
			isa = PBXSourcesBuildPhase;
			buildActionMask = 2147483647;
			files = (
				D4C52FDE270CF5E30099D272 /* LoginViewController.swift in Sources */,
				D4CAD82C270D031300AAA3AC /* CameraViewController.swift in Sources */,
				D4D5F076270AAB0A00D44222 /* AppDelegate.swift in Sources */,
				D4C52FE0270CF5EF0099D272 /* FeedViewController.swift in Sources */,
				D4D5F078270AAB0A00D44222 /* SceneDelegate.swift in Sources */,
				D48ACE7F27127E8A00244C44 /* PostCell.swift in Sources */,
			);
			runOnlyForDeploymentPostprocessing = 0;
		};
		D4D5F084270AAB0C00D44222 /* Sources */ = {
			isa = PBXSourcesBuildPhase;
			buildActionMask = 2147483647;
			files = (
				D4D5F08D270AAB0C00D44222 /* ParstagramTests.swift in Sources */,
			);
			runOnlyForDeploymentPostprocessing = 0;
		};
		D4D5F08F270AAB0C00D44222 /* Sources */ = {
			isa = PBXSourcesBuildPhase;
			buildActionMask = 2147483647;
			files = (
				D4D5F098270AAB0C00D44222 /* ParstagramUITests.swift in Sources */,
			);
			runOnlyForDeploymentPostprocessing = 0;
		};
/* End PBXSourcesBuildPhase section */

/* Begin PBXTargetDependency section */
		D4D5F08A270AAB0C00D44222 /* PBXTargetDependency */ = {
			isa = PBXTargetDependency;
			target = D4D5F071270AAB0A00D44222 /* Parstagram */;
			targetProxy = D4D5F089270AAB0C00D44222 /* PBXContainerItemProxy */;
		};
		D4D5F095270AAB0C00D44222 /* PBXTargetDependency */ = {
			isa = PBXTargetDependency;
			target = D4D5F071270AAB0A00D44222 /* Parstagram */;
			targetProxy = D4D5F094270AAB0C00D44222 /* PBXContainerItemProxy */;
		};
/* End PBXTargetDependency section */

/* Begin PBXVariantGroup section */
		D4D5F07B270AAB0A00D44222 /* Main.storyboard */ = {
			isa = PBXVariantGroup;
			children = (
				D4D5F07C270AAB0A00D44222 /* Base */,
			);
			name = Main.storyboard;
			sourceTree = "<group>";
		};
		D4D5F080270AAB0C00D44222 /* LaunchScreen.storyboard */ = {
			isa = PBXVariantGroup;
			children = (
				D4D5F081270AAB0C00D44222 /* Base */,
			);
			name = LaunchScreen.storyboard;
			sourceTree = "<group>";
		};
/* End PBXVariantGroup section */

/* Begin XCBuildConfiguration section */
		D4D5F09A270AAB0C00D44222 /* Debug */ = {
			isa = XCBuildConfiguration;
			buildSettings = {
				ALWAYS_SEARCH_USER_PATHS = NO;
				CLANG_ANALYZER_NONNULL = YES;
				CLANG_ANALYZER_NUMBER_OBJECT_CONVERSION = YES_AGGRESSIVE;
				CLANG_CXX_LANGUAGE_STANDARD = "gnu++14";
				CLANG_CXX_LIBRARY = "libc++";
				CLANG_ENABLE_MODULES = YES;
				CLANG_ENABLE_OBJC_ARC = YES;
				CLANG_ENABLE_OBJC_WEAK = YES;
				CLANG_WARN_BLOCK_CAPTURE_AUTORELEASING = YES;
				CLANG_WARN_BOOL_CONVERSION = YES;
				CLANG_WARN_COMMA = YES;
				CLANG_WARN_CONSTANT_CONVERSION = YES;
				CLANG_WARN_DEPRECATED_OBJC_IMPLEMENTATIONS = YES;
				CLANG_WARN_DIRECT_OBJC_ISA_USAGE = YES_ERROR;
				CLANG_WARN_DOCUMENTATION_COMMENTS = YES;
				CLANG_WARN_EMPTY_BODY = YES;
				CLANG_WARN_ENUM_CONVERSION = YES;
				CLANG_WARN_INFINITE_RECURSION = YES;
				CLANG_WARN_INT_CONVERSION = YES;
				CLANG_WARN_NON_LITERAL_NULL_CONVERSION = YES;
				CLANG_WARN_OBJC_IMPLICIT_RETAIN_SELF = YES;
				CLANG_WARN_OBJC_LITERAL_CONVERSION = YES;
				CLANG_WARN_OBJC_ROOT_CLASS = YES_ERROR;
				CLANG_WARN_QUOTED_INCLUDE_IN_FRAMEWORK_HEADER = YES;
				CLANG_WARN_RANGE_LOOP_ANALYSIS = YES;
				CLANG_WARN_STRICT_PROTOTYPES = YES;
				CLANG_WARN_SUSPICIOUS_MOVE = YES;
				CLANG_WARN_UNGUARDED_AVAILABILITY = YES_AGGRESSIVE;
				CLANG_WARN_UNREACHABLE_CODE = YES;
				CLANG_WARN__DUPLICATE_METHOD_MATCH = YES;
				COPY_PHASE_STRIP = NO;
				DEBUG_INFORMATION_FORMAT = dwarf;
				ENABLE_STRICT_OBJC_MSGSEND = YES;
				ENABLE_TESTABILITY = YES;
				GCC_C_LANGUAGE_STANDARD = gnu11;
				GCC_DYNAMIC_NO_PIC = NO;
				GCC_NO_COMMON_BLOCKS = YES;
				GCC_OPTIMIZATION_LEVEL = 0;
				GCC_PREPROCESSOR_DEFINITIONS = (
					"DEBUG=1",
					"$(inherited)",
				);
				GCC_WARN_64_TO_32_BIT_CONVERSION = YES;
				GCC_WARN_ABOUT_RETURN_TYPE = YES_ERROR;
				GCC_WARN_UNDECLARED_SELECTOR = YES;
				GCC_WARN_UNINITIALIZED_AUTOS = YES_AGGRESSIVE;
				GCC_WARN_UNUSED_FUNCTION = YES;
				GCC_WARN_UNUSED_VARIABLE = YES;
				IPHONEOS_DEPLOYMENT_TARGET = 14.5;
				MTL_ENABLE_DEBUG_INFO = INCLUDE_SOURCE;
				MTL_FAST_MATH = YES;
				ONLY_ACTIVE_ARCH = YES;
				SDKROOT = iphoneos;
				SWIFT_ACTIVE_COMPILATION_CONDITIONS = DEBUG;
				SWIFT_OPTIMIZATION_LEVEL = "-Onone";
			};
			name = Debug;
		};
		D4D5F09B270AAB0C00D44222 /* Release */ = {
			isa = XCBuildConfiguration;
			buildSettings = {
				ALWAYS_SEARCH_USER_PATHS = NO;
				CLANG_ANALYZER_NONNULL = YES;
				CLANG_ANALYZER_NUMBER_OBJECT_CONVERSION = YES_AGGRESSIVE;
				CLANG_CXX_LANGUAGE_STANDARD = "gnu++14";
				CLANG_CXX_LIBRARY = "libc++";
				CLANG_ENABLE_MODULES = YES;
				CLANG_ENABLE_OBJC_ARC = YES;
				CLANG_ENABLE_OBJC_WEAK = YES;
				CLANG_WARN_BLOCK_CAPTURE_AUTORELEASING = YES;
				CLANG_WARN_BOOL_CONVERSION = YES;
				CLANG_WARN_COMMA = YES;
				CLANG_WARN_CONSTANT_CONVERSION = YES;
				CLANG_WARN_DEPRECATED_OBJC_IMPLEMENTATIONS = YES;
				CLANG_WARN_DIRECT_OBJC_ISA_USAGE = YES_ERROR;
				CLANG_WARN_DOCUMENTATION_COMMENTS = YES;
				CLANG_WARN_EMPTY_BODY = YES;
				CLANG_WARN_ENUM_CONVERSION = YES;
				CLANG_WARN_INFINITE_RECURSION = YES;
				CLANG_WARN_INT_CONVERSION = YES;
				CLANG_WARN_NON_LITERAL_NULL_CONVERSION = YES;
				CLANG_WARN_OBJC_IMPLICIT_RETAIN_SELF = YES;
				CLANG_WARN_OBJC_LITERAL_CONVERSION = YES;
				CLANG_WARN_OBJC_ROOT_CLASS = YES_ERROR;
				CLANG_WARN_QUOTED_INCLUDE_IN_FRAMEWORK_HEADER = YES;
				CLANG_WARN_RANGE_LOOP_ANALYSIS = YES;
				CLANG_WARN_STRICT_PROTOTYPES = YES;
				CLANG_WARN_SUSPICIOUS_MOVE = YES;
				CLANG_WARN_UNGUARDED_AVAILABILITY = YES_AGGRESSIVE;
				CLANG_WARN_UNREACHABLE_CODE = YES;
				CLANG_WARN__DUPLICATE_METHOD_MATCH = YES;
				COPY_PHASE_STRIP = NO;
				DEBUG_INFORMATION_FORMAT = "dwarf-with-dsym";
				ENABLE_NS_ASSERTIONS = NO;
				ENABLE_STRICT_OBJC_MSGSEND = YES;
				GCC_C_LANGUAGE_STANDARD = gnu11;
				GCC_NO_COMMON_BLOCKS = YES;
				GCC_WARN_64_TO_32_BIT_CONVERSION = YES;
				GCC_WARN_ABOUT_RETURN_TYPE = YES_ERROR;
				GCC_WARN_UNDECLARED_SELECTOR = YES;
				GCC_WARN_UNINITIALIZED_AUTOS = YES_AGGRESSIVE;
				GCC_WARN_UNUSED_FUNCTION = YES;
				GCC_WARN_UNUSED_VARIABLE = YES;
				IPHONEOS_DEPLOYMENT_TARGET = 14.5;
				MTL_ENABLE_DEBUG_INFO = NO;
				MTL_FAST_MATH = YES;
				SDKROOT = iphoneos;
				SWIFT_COMPILATION_MODE = wholemodule;
				SWIFT_OPTIMIZATION_LEVEL = "-O";
				VALIDATE_PRODUCT = YES;
			};
			name = Release;
		};
		D4D5F09D270AAB0C00D44222 /* Debug */ = {
			isa = XCBuildConfiguration;
			baseConfigurationReference = E4062832B9DCCDA921AC4F8C /* Pods-Parstagram.debug.xcconfig */;
			buildSettings = {
				ASSETCATALOG_COMPILER_APPICON_NAME = AppIcon;
				ASSETCATALOG_COMPILER_GLOBAL_ACCENT_COLOR_NAME = AccentColor;
				CODE_SIGN_STYLE = Automatic;
				DEVELOPMENT_TEAM = 4R4V25WCTH;
				INFOPLIST_FILE = Parstagram/Info.plist;
				LD_RUNPATH_SEARCH_PATHS = (
					"$(inherited)",
					"@executable_path/Frameworks",
				);
				PRODUCT_BUNDLE_IDENTIFIER = memo.com.Parstagram;
				PRODUCT_NAME = "$(TARGET_NAME)";
				SWIFT_VERSION = 5.0;
				TARGETED_DEVICE_FAMILY = "1,2";
			};
			name = Debug;
		};
		D4D5F09E270AAB0C00D44222 /* Release */ = {
			isa = XCBuildConfiguration;
			baseConfigurationReference = 8F71389943093DD9ECD97A36 /* Pods-Parstagram.release.xcconfig */;
			buildSettings = {
				ASSETCATALOG_COMPILER_APPICON_NAME = AppIcon;
				ASSETCATALOG_COMPILER_GLOBAL_ACCENT_COLOR_NAME = AccentColor;
				CODE_SIGN_STYLE = Automatic;
				DEVELOPMENT_TEAM = 4R4V25WCTH;
				INFOPLIST_FILE = Parstagram/Info.plist;
				LD_RUNPATH_SEARCH_PATHS = (
					"$(inherited)",
					"@executable_path/Frameworks",
				);
				PRODUCT_BUNDLE_IDENTIFIER = memo.com.Parstagram;
				PRODUCT_NAME = "$(TARGET_NAME)";
				SWIFT_VERSION = 5.0;
				TARGETED_DEVICE_FAMILY = "1,2";
			};
			name = Release;
		};
		D4D5F0A0270AAB0C00D44222 /* Debug */ = {
			isa = XCBuildConfiguration;
			buildSettings = {
				ALWAYS_EMBED_SWIFT_STANDARD_LIBRARIES = YES;
				BUNDLE_LOADER = "$(TEST_HOST)";
				CODE_SIGN_STYLE = Automatic;
				DEVELOPMENT_TEAM = 4R4V25WCTH;
				INFOPLIST_FILE = ParstagramTests/Info.plist;
				IPHONEOS_DEPLOYMENT_TARGET = 14.5;
				LD_RUNPATH_SEARCH_PATHS = (
					"$(inherited)",
					"@executable_path/Frameworks",
					"@loader_path/Frameworks",
				);
				PRODUCT_BUNDLE_IDENTIFIER = memo.com.ParstagramTests;
				PRODUCT_NAME = "$(TARGET_NAME)";
				SWIFT_VERSION = 5.0;
				TARGETED_DEVICE_FAMILY = "1,2";
				TEST_HOST = "$(BUILT_PRODUCTS_DIR)/Parstagram.app/Parstagram";
			};
			name = Debug;
		};
		D4D5F0A1270AAB0C00D44222 /* Release */ = {
			isa = XCBuildConfiguration;
			buildSettings = {
				ALWAYS_EMBED_SWIFT_STANDARD_LIBRARIES = YES;
				BUNDLE_LOADER = "$(TEST_HOST)";
				CODE_SIGN_STYLE = Automatic;
				DEVELOPMENT_TEAM = 4R4V25WCTH;
				INFOPLIST_FILE = ParstagramTests/Info.plist;
				IPHONEOS_DEPLOYMENT_TARGET = 14.5;
				LD_RUNPATH_SEARCH_PATHS = (
					"$(inherited)",
					"@executable_path/Frameworks",
					"@loader_path/Frameworks",
				);
				PRODUCT_BUNDLE_IDENTIFIER = memo.com.ParstagramTests;
				PRODUCT_NAME = "$(TARGET_NAME)";
				SWIFT_VERSION = 5.0;
				TARGETED_DEVICE_FAMILY = "1,2";
				TEST_HOST = "$(BUILT_PRODUCTS_DIR)/Parstagram.app/Parstagram";
			};
			name = Release;
		};
		D4D5F0A3270AAB0C00D44222 /* Debug */ = {
			isa = XCBuildConfiguration;
			buildSettings = {
				ALWAYS_EMBED_SWIFT_STANDARD_LIBRARIES = YES;
				CODE_SIGN_STYLE = Automatic;
				DEVELOPMENT_TEAM = 4R4V25WCTH;
				INFOPLIST_FILE = ParstagramUITests/Info.plist;
				LD_RUNPATH_SEARCH_PATHS = (
					"$(inherited)",
					"@executable_path/Frameworks",
					"@loader_path/Frameworks",
				);
				PRODUCT_BUNDLE_IDENTIFIER = memo.com.ParstagramUITests;
				PRODUCT_NAME = "$(TARGET_NAME)";
				SWIFT_VERSION = 5.0;
				TARGETED_DEVICE_FAMILY = "1,2";
				TEST_TARGET_NAME = Parstagram;
			};
			name = Debug;
		};
		D4D5F0A4270AAB0C00D44222 /* Release */ = {
			isa = XCBuildConfiguration;
			buildSettings = {
				ALWAYS_EMBED_SWIFT_STANDARD_LIBRARIES = YES;
				CODE_SIGN_STYLE = Automatic;
				DEVELOPMENT_TEAM = 4R4V25WCTH;
				INFOPLIST_FILE = ParstagramUITests/Info.plist;
				LD_RUNPATH_SEARCH_PATHS = (
					"$(inherited)",
					"@executable_path/Frameworks",
					"@loader_path/Frameworks",
				);
				PRODUCT_BUNDLE_IDENTIFIER = memo.com.ParstagramUITests;
				PRODUCT_NAME = "$(TARGET_NAME)";
				SWIFT_VERSION = 5.0;
				TARGETED_DEVICE_FAMILY = "1,2";
				TEST_TARGET_NAME = Parstagram;
			};
			name = Release;
		};
/* End XCBuildConfiguration section */

/* Begin XCConfigurationList section */
		D4D5F06D270AAB0A00D44222 /* Build configuration list for PBXProject "Parstagram" */ = {
			isa = XCConfigurationList;
			buildConfigurations = (
				D4D5F09A270AAB0C00D44222 /* Debug */,
				D4D5F09B270AAB0C00D44222 /* Release */,
			);
			defaultConfigurationIsVisible = 0;
			defaultConfigurationName = Release;
		};
		D4D5F09C270AAB0C00D44222 /* Build configuration list for PBXNativeTarget "Parstagram" */ = {
			isa = XCConfigurationList;
			buildConfigurations = (
				D4D5F09D270AAB0C00D44222 /* Debug */,
				D4D5F09E270AAB0C00D44222 /* Release */,
			);
			defaultConfigurationIsVisible = 0;
			defaultConfigurationName = Release;
		};
		D4D5F09F270AAB0C00D44222 /* Build configuration list for PBXNativeTarget "ParstagramTests" */ = {
			isa = XCConfigurationList;
			buildConfigurations = (
				D4D5F0A0270AAB0C00D44222 /* Debug */,
				D4D5F0A1270AAB0C00D44222 /* Release */,
			);
			defaultConfigurationIsVisible = 0;
			defaultConfigurationName = Release;
		};
		D4D5F0A2270AAB0C00D44222 /* Build configuration list for PBXNativeTarget "ParstagramUITests" */ = {
			isa = XCConfigurationList;
			buildConfigurations = (
				D4D5F0A3270AAB0C00D44222 /* Debug */,
				D4D5F0A4270AAB0C00D44222 /* Release */,
			);
			defaultConfigurationIsVisible = 0;
			defaultConfigurationName = Release;
		};
/* End XCConfigurationList section */
	};
	rootObject = D4D5F06A270AAB0A00D44222 /* Project object */;
}
